
Microsoft Visual Studio Solution File, Format Version 12.00
# Visual Studio Version 16
VisualStudioVersion = 16.0.31402.337
MinimumVisualStudioVersion = 10.0.40219.1
Project("{9A19103F-16F7-4668-BE54-9A1E7A4F7556}") = "FrontEndPages", "FrontEndPages\FrontEndPages.csproj", "{66AAA27A-DDF1-4BBF-99AA-0671D997C999}"
EndProject
Global
	GlobalSection(SolutionConfigurationPlatforms) = preSolution
		Debug|Any CPU = Debug|Any CPU
		Release|Any CPU = Release|Any CPU
	EndGlobalSection
	GlobalSection(ProjectConfigurationPlatforms) = postSolution
		{66AAA27A-DDF1-4BBF-99AA-0671D997C999}.Debug|Any CPU.ActiveCfg = Debug|Any CPU
		{66AAA27A-DDF1-4BBF-99AA-0671D997C999}.Debug|Any CPU.Build.0 = Debug|Any CPU
		{66AAA27A-DDF1-4BBF-99AA-0671D997C999}.Release|Any CPU.ActiveCfg = Release|Any CPU
		{66AAA27A-DDF1-4BBF-99AA-0671D997C999}.Release|Any CPU.Build.0 = Release|Any CPU
	EndGlobalSection
	GlobalSection(SolutionProperties) = preSolution
		HideSolutionNode = FALSE
	EndGlobalSection
	GlobalSection(ExtensibilityGlobals) = postSolution
		SolutionGuid = {B47C6632-5A95-4ACC-9FDF-18A146C72CE9}
	EndGlobalSection
EndGlobal
